// !$*UTF8*$!
{
	archiveVersion = 1;
	classes = {
	};
	objectVersion = 50;
	objects = {

/* Begin PBXBuildFile section */
		2739A97E21B06A2E0092E6CE /* LevelTwoTileSet.sks in Resources */ = {isa = PBXBuildFile; fileRef = 2739A97D21B06A2E0092E6CE /* LevelTwoTileSet.sks */; };
		2739A98021B0FD2E0092E6CE /* LevelTwoViewController.swift in Sources */ = {isa = PBXBuildFile; fileRef = 2739A97F21B0FD2E0092E6CE /* LevelTwoViewController.swift */; };
		274FDDA321AB6CB100080436 /* AppDelegate.swift in Sources */ = {isa = PBXBuildFile; fileRef = 274FDDA221AB6CB100080436 /* AppDelegate.swift */; };
		274FDDA521AB6CB100080436 /* LevelOneScene.sks in Resources */ = {isa = PBXBuildFile; fileRef = 274FDDA421AB6CB100080436 /* LevelOneScene.sks */; };
		274FDDA721AB6CB100080436 /* Actions.sks in Resources */ = {isa = PBXBuildFile; fileRef = 274FDDA621AB6CB100080436 /* Actions.sks */; };
		274FDDA921AB6CB100080436 /* LevelOneScene.swift in Sources */ = {isa = PBXBuildFile; fileRef = 274FDDA821AB6CB100080436 /* LevelOneScene.swift */; };
		274FDDAB21AB6CB100080436 /* GameViewController.swift in Sources */ = {isa = PBXBuildFile; fileRef = 274FDDAA21AB6CB100080436 /* GameViewController.swift */; };
		274FDDAE21AB6CB100080436 /* Main.storyboard in Resources */ = {isa = PBXBuildFile; fileRef = 274FDDAC21AB6CB100080436 /* Main.storyboard */; };
		274FDDB021AB6CB900080436 /* Assets.xcassets in Resources */ = {isa = PBXBuildFile; fileRef = 274FDDAF21AB6CB900080436 /* Assets.xcassets */; };
		274FDDB321AB6CB900080436 /* LaunchScreen.storyboard in Resources */ = {isa = PBXBuildFile; fileRef = 274FDDB121AB6CB900080436 /* LaunchScreen.storyboard */; };
		274FDDBD21AB70E600080436 /* LevelTwoScene.sks in Resources */ = {isa = PBXBuildFile; fileRef = 274FDDBC21AB70E600080436 /* LevelTwoScene.sks */; };
		274FDDBF21AB70F600080436 /* LevelThreeScene.sks in Resources */ = {isa = PBXBuildFile; fileRef = 274FDDBE21AB70F600080436 /* LevelThreeScene.sks */; };
		274FDDC121AB782A00080436 /* LevelTwoScene.swift in Sources */ = {isa = PBXBuildFile; fileRef = 274FDDC021AB782900080436 /* LevelTwoScene.swift */; };
		274FDDC321AB7C4A00080436 /* LevelOneTileSet.sks in Resources */ = {isa = PBXBuildFile; fileRef = 274FDDC221AB7C4A00080436 /* LevelOneTileSet.sks */; };
		274FDDC521ADB9B800080436 /* LevelSelectViewController.swift in Sources */ = {isa = PBXBuildFile; fileRef = 274FDDC421ADB9B800080436 /* LevelSelectViewController.swift */; };
		274FDDEB21ADC1FF00080436 /* Enemy.swift in Sources */ = {isa = PBXBuildFile; fileRef = 274FDDEA21ADC1FF00080436 /* Enemy.swift */; };
		274FDDED21ADC20800080436 /* Tower.swift in Sources */ = {isa = PBXBuildFile; fileRef = 274FDDEC21ADC20800080436 /* Tower.swift */; };
		274FDDEF21ADCD6A00080436 /* LevelThreeScene.swift in Sources */ = {isa = PBXBuildFile; fileRef = 274FDDEE21ADCD6A00080436 /* LevelThreeScene.swift */; };
/* End PBXBuildFile section */

/* Begin PBXFileReference section */
		2739A97D21B06A2E0092E6CE /* LevelTwoTileSet.sks */ = {isa = PBXFileReference; lastKnownFileType = file.sks; path = LevelTwoTileSet.sks; sourceTree = "<group>"; };
		2739A97F21B0FD2E0092E6CE /* LevelTwoViewController.swift */ = {isa = PBXFileReference; lastKnownFileType = sourcecode.swift; path = LevelTwoViewController.swift; sourceTree = "<group>"; };
		274FDD9F21AB6CB100080436 /* GnomeWhere Like Home.app */ = {isa = PBXFileReference; explicitFileType = wrapper.application; includeInIndex = 0; path = "GnomeWhere Like Home.app"; sourceTree = BUILT_PRODUCTS_DIR; };
		274FDDA221AB6CB100080436 /* AppDelegate.swift */ = {isa = PBXFileReference; lastKnownFileType = sourcecode.swift; path = AppDelegate.swift; sourceTree = "<group>"; };
		274FDDA421AB6CB100080436 /* LevelOneScene.sks */ = {isa = PBXFileReference; lastKnownFileType = file.sks; path = LevelOneScene.sks; sourceTree = "<group>"; };
		274FDDA621AB6CB100080436 /* Actions.sks */ = {isa = PBXFileReference; lastKnownFileType = file.sks; path = Actions.sks; sourceTree = "<group>"; };
		274FDDA821AB6CB100080436 /* LevelOneScene.swift */ = {isa = PBXFileReference; lastKnownFileType = sourcecode.swift; path = LevelOneScene.swift; sourceTree = "<group>"; };
		274FDDAA21AB6CB100080436 /* GameViewController.swift */ = {isa = PBXFileReference; lastKnownFileType = sourcecode.swift; path = GameViewController.swift; sourceTree = "<group>"; };
		274FDDAD21AB6CB100080436 /* Base */ = {isa = PBXFileReference; lastKnownFileType = file.storyboard; name = Base; path = Base.lproj/Main.storyboard; sourceTree = "<group>"; };
		274FDDAF21AB6CB900080436 /* Assets.xcassets */ = {isa = PBXFileReference; lastKnownFileType = folder.assetcatalog; path = Assets.xcassets; sourceTree = "<group>"; };
		274FDDB221AB6CB900080436 /* Base */ = {isa = PBXFileReference; lastKnownFileType = file.storyboard; name = Base; path = Base.lproj/LaunchScreen.storyboard; sourceTree = "<group>"; };
		274FDDB421AB6CB900080436 /* Info.plist */ = {isa = PBXFileReference; lastKnownFileType = text.plist.xml; path = Info.plist; sourceTree = "<group>"; };
		274FDDBC21AB70E600080436 /* LevelTwoScene.sks */ = {isa = PBXFileReference; lastKnownFileType = file.sks; path = LevelTwoScene.sks; sourceTree = "<group>"; };
		274FDDBE21AB70F600080436 /* LevelThreeScene.sks */ = {isa = PBXFileReference; lastKnownFileType = file.sks; path = LevelThreeScene.sks; sourceTree = "<group>"; };
		274FDDC021AB782900080436 /* LevelTwoScene.swift */ = {isa = PBXFileReference; lastKnownFileType = sourcecode.swift; path = LevelTwoScene.swift; sourceTree = "<group>"; };
		274FDDC221AB7C4A00080436 /* LevelOneTileSet.sks */ = {isa = PBXFileReference; lastKnownFileType = file.sks; path = LevelOneTileSet.sks; sourceTree = "<group>"; };
		274FDDC421ADB9B800080436 /* LevelSelectViewController.swift */ = {isa = PBXFileReference; lastKnownFileType = sourcecode.swift; path = LevelSelectViewController.swift; sourceTree = "<group>"; };
		274FDDEA21ADC1FF00080436 /* Enemy.swift */ = {isa = PBXFileReference; lastKnownFileType = sourcecode.swift; path = Enemy.swift; sourceTree = "<group>"; };
		274FDDEC21ADC20800080436 /* Tower.swift */ = {isa = PBXFileReference; lastKnownFileType = sourcecode.swift; path = Tower.swift; sourceTree = "<group>"; };
		274FDDEE21ADCD6A00080436 /* LevelThreeScene.swift */ = {isa = PBXFileReference; lastKnownFileType = sourcecode.swift; path = LevelThreeScene.swift; sourceTree = "<group>"; };
/* End PBXFileReference section */

/* Begin PBXFrameworksBuildPhase section */
		274FDD9C21AB6CB100080436 /* Frameworks */ = {
			isa = PBXFrameworksBuildPhase;
			buildActionMask = 2147483647;
			files = (
			);
			runOnlyForDeploymentPostprocessing = 0;
		};
/* End PBXFrameworksBuildPhase section */

/* Begin PBXGroup section */
		274FDD9621AB6CB100080436 = {
			isa = PBXGroup;
			children = (
				274FDDA121AB6CB100080436 /* GnomeWhere Like Home */,
				274FDDA021AB6CB100080436 /* Products */,
			);
			sourceTree = "<group>";
		};
		274FDDA021AB6CB100080436 /* Products */ = {
			isa = PBXGroup;
			children = (
				274FDD9F21AB6CB100080436 /* GnomeWhere Like Home.app */,
			);
			name = Products;
			sourceTree = "<group>";
		};
		274FDDA121AB6CB100080436 /* GnomeWhere Like Home */ = {
			isa = PBXGroup;
			children = (
				274FDDA221AB6CB100080436 /* AppDelegate.swift */,
				274FDDA421AB6CB100080436 /* LevelOneScene.sks */,
				274FDDBC21AB70E600080436 /* LevelTwoScene.sks */,
				274FDDBE21AB70F600080436 /* LevelThreeScene.sks */,
				274FDDA621AB6CB100080436 /* Actions.sks */,
				274FDDC221AB7C4A00080436 /* LevelOneTileSet.sks */,
				2739A97D21B06A2E0092E6CE /* LevelTwoTileSet.sks */,
				274FDDA821AB6CB100080436 /* LevelOneScene.swift */,
				274FDDC021AB782900080436 /* LevelTwoScene.swift */,
				274FDDEE21ADCD6A00080436 /* LevelThreeScene.swift */,
				274FDDAA21AB6CB100080436 /* GameViewController.swift */,
				2739A97F21B0FD2E0092E6CE /* LevelTwoViewController.swift */,
				274FDDC421ADB9B800080436 /* LevelSelectViewController.swift */,
				274FDDEA21ADC1FF00080436 /* Enemy.swift */,
				274FDDEC21ADC20800080436 /* Tower.swift */,
				274FDDAC21AB6CB100080436 /* Main.storyboard */,
				274FDDAF21AB6CB900080436 /* Assets.xcassets */,
				274FDDB121AB6CB900080436 /* LaunchScreen.storyboard */,
				274FDDB421AB6CB900080436 /* Info.plist */,
			);
			path = "GnomeWhere Like Home";
			sourceTree = "<group>";
		};
/* End PBXGroup section */

/* Begin PBXNativeTarget section */
		274FDD9E21AB6CB100080436 /* GnomeWhere Like Home */ = {
			isa = PBXNativeTarget;
			buildConfigurationList = 274FDDB721AB6CB900080436 /* Build configuration list for PBXNativeTarget "GnomeWhere Like Home" */;
			buildPhases = (
				274FDD9B21AB6CB100080436 /* Sources */,
				274FDD9C21AB6CB100080436 /* Frameworks */,
				274FDD9D21AB6CB100080436 /* Resources */,
			);
			buildRules = (
			);
			dependencies = (
			);
			name = "GnomeWhere Like Home";
			productName = "GnomeWhere Like Home";
			productReference = 274FDD9F21AB6CB100080436 /* GnomeWhere Like Home.app */;
			productType = "com.apple.product-type.application";
		};
/* End PBXNativeTarget section */

/* Begin PBXProject section */
		274FDD9721AB6CB100080436 /* Project object */ = {
			isa = PBXProject;
			attributes = {
				LastSwiftUpdateCheck = 0940;
				LastUpgradeCheck = 0940;
				ORGANIZATIONNAME = "Brooke Huntington";
				TargetAttributes = {
					274FDD9E21AB6CB100080436 = {
						CreatedOnToolsVersion = 9.4.1;
					};
				};
			};
			buildConfigurationList = 274FDD9A21AB6CB100080436 /* Build configuration list for PBXProject "GnomeWhere Like Home" */;
			compatibilityVersion = "Xcode 9.3";
			developmentRegion = en;
			hasScannedForEncodings = 0;
			knownRegions = (
				en,
				Base,
			);
			mainGroup = 274FDD9621AB6CB100080436;
			productRefGroup = 274FDDA021AB6CB100080436 /* Products */;
			projectDirPath = "";
			projectRoot = "";
			targets = (
				274FDD9E21AB6CB100080436 /* GnomeWhere Like Home */,
			);
		};
/* End PBXProject section */

/* Begin PBXResourcesBuildPhase section */
		274FDD9D21AB6CB100080436 /* Resources */ = {
			isa = PBXResourcesBuildPhase;
			buildActionMask = 2147483647;
			files = (
				274FDDAE21AB6CB100080436 /* Main.storyboard in Resources */,
				274FDDA521AB6CB100080436 /* LevelOneScene.sks in Resources */,
				274FDDBD21AB70E600080436 /* LevelTwoScene.sks in Resources */,
				274FDDB021AB6CB900080436 /* Assets.xcassets in Resources */,
				274FDDB321AB6CB900080436 /* LaunchScreen.storyboard in Resources */,
				274FDDBF21AB70F600080436 /* LevelThreeScene.sks in Resources */,
				274FDDC321AB7C4A00080436 /* LevelOneTileSet.sks in Resources */,
				2739A97E21B06A2E0092E6CE /* LevelTwoTileSet.sks in Resources */,
				274FDDA721AB6CB100080436 /* Actions.sks in Resources */,
			);
			runOnlyForDeploymentPostprocessing = 0;
		};
/* End PBXResourcesBuildPhase section */

/* Begin PBXSourcesBuildPhase section */
		274FDD9B21AB6CB100080436 /* Sources */ = {
			isa = PBXSourcesBuildPhase;
			buildActionMask = 2147483647;
			files = (
				274FDDA921AB6CB100080436 /* LevelOneScene.swift in Sources */,
				274FDDAB21AB6CB100080436 /* GameViewController.swift in Sources */,
				274FDDEB21ADC1FF00080436 /* Enemy.swift in Sources */,
				274FDDED21ADC20800080436 /* Tower.swift in Sources */,
				2739A98021B0FD2E0092E6CE /* LevelTwoViewController.swift in Sources */,
				274FDDC521ADB9B800080436 /* LevelSelectViewController.swift in Sources */,
				274FDDC121AB782A00080436 /* LevelTwoScene.swift in Sources */,
				274FDDEF21ADCD6A00080436 /* LevelThreeScene.swift in Sources */,
				274FDDA321AB6CB100080436 /* AppDelegate.swift in Sources */,
			);
			runOnlyForDeploymentPostprocessing = 0;
		};
/* End PBXSourcesBuildPhase section */

/* Begin PBXVariantGroup section */
		274FDDAC21AB6CB100080436 /* Main.storyboard */ = {
			isa = PBXVariantGroup;
			children = (
				274FDDAD21AB6CB100080436 /* Base */,
			);
			name = Main.storyboard;
			sourceTree = "<group>";
		};
		274FDDB121AB6CB900080436 /* LaunchScreen.storyboard */ = {
			isa = PBXVariantGroup;
			children = (
				274FDDB221AB6CB900080436 /* Base */,
			);
			name = LaunchScreen.storyboard;
			sourceTree = "<group>";
		};
/* End PBXVariantGroup section */

/* Begin XCBuildConfiguration section */
		274FDDB521AB6CB900080436 /* Debug */ = {
			isa = XCBuildConfiguration;
			buildSettings = {
				ALWAYS_SEARCH_USER_PATHS = NO;
				CLANG_ANALYZER_NONNULL = YES;
				CLANG_ANALYZER_NUMBER_OBJECT_CONVERSION = YES_AGGRESSIVE;
				CLANG_CXX_LANGUAGE_STANDARD = "gnu++14";
				CLANG_CXX_LIBRARY = "libc++";
				CLANG_ENABLE_MODULES = YES;
				CLANG_ENABLE_OBJC_ARC = YES;
				CLANG_ENABLE_OBJC_WEAK = YES;
				CLANG_WARN_BLOCK_CAPTURE_AUTORELEASING = YES;
				CLANG_WARN_BOOL_CONVERSION = YES;
				CLANG_WARN_COMMA = YES;
				CLANG_WARN_CONSTANT_CONVERSION = YES;
				CLANG_WARN_DEPRECATED_OBJC_IMPLEMENTATIONS = YES;
				CLANG_WARN_DIRECT_OBJC_ISA_USAGE = YES_ERROR;
				CLANG_WARN_DOCUMENTATION_COMMENTS = YES;
				CLANG_WARN_EMPTY_BODY = YES;
				CLANG_WARN_ENUM_CONVERSION = YES;
				CLANG_WARN_INFINITE_RECURSION = YES;
				CLANG_WARN_INT_CONVERSION = YES;
				CLANG_WARN_NON_LITERAL_NULL_CONVERSION = YES;
				CLANG_WARN_OBJC_IMPLICIT_RETAIN_SELF = YES;
				CLANG_WARN_OBJC_LITERAL_CONVERSION = YES;
				CLANG_WARN_OBJC_ROOT_CLASS = YES_ERROR;
				CLANG_WARN_RANGE_LOOP_ANALYSIS = YES;
				CLANG_WARN_STRICT_PROTOTYPES = YES;
				CLANG_WARN_SUSPICIOUS_MOVE = YES;
				CLANG_WARN_UNGUARDED_AVAILABILITY = YES_AGGRESSIVE;
				CLANG_WARN_UNREACHABLE_CODE = YES;
				CLANG_WARN__DUPLICATE_METHOD_MATCH = YES;
				CODE_SIGN_IDENTITY = "iPhone Developer";
				COPY_PHASE_STRIP = NO;
				DEBUG_INFORMATION_FORMAT = dwarf;
				ENABLE_STRICT_OBJC_MSGSEND = YES;
				ENABLE_TESTABILITY = YES;
				GCC_C_LANGUAGE_STANDARD = gnu11;
				GCC_DYNAMIC_NO_PIC = NO;
				GCC_NO_COMMON_BLOCKS = YES;
				GCC_OPTIMIZATION_LEVEL = 0;
				GCC_PREPROCESSOR_DEFINITIONS = (
					"DEBUG=1",
					"$(inherited)",
				);
				GCC_WARN_64_TO_32_BIT_CONVERSION = YES;
				GCC_WARN_ABOUT_RETURN_TYPE = YES_ERROR;
				GCC_WARN_UNDECLARED_SELECTOR = YES;
				GCC_WARN_UNINITIALIZED_AUTOS = YES_AGGRESSIVE;
				GCC_WARN_UNUSED_FUNCTION = YES;
				GCC_WARN_UNUSED_VARIABLE = YES;
				IPHONEOS_DEPLOYMENT_TARGET = 11.4;
				MTL_ENABLE_DEBUG_INFO = YES;
				ONLY_ACTIVE_ARCH = YES;
				SDKROOT = iphoneos;
				SWIFT_ACTIVE_COMPILATION_CONDITIONS = DEBUG;
				SWIFT_OPTIMIZATION_LEVEL = "-Onone";
			};
			name = Debug;
		};
		274FDDB621AB6CB900080436 /* Release */ = {
			isa = XCBuildConfiguration;
			buildSettings = {
				ALWAYS_SEARCH_USER_PATHS = NO;
				CLANG_ANALYZER_NONNULL = YES;
				CLANG_ANALYZER_NUMBER_OBJECT_CONVERSION = YES_AGGRESSIVE;
				CLANG_CXX_LANGUAGE_STANDARD = "gnu++14";
				CLANG_CXX_LIBRARY = "libc++";
				CLANG_ENABLE_MODULES = YES;
				CLANG_ENABLE_OBJC_ARC = YES;
				CLANG_ENABLE_OBJC_WEAK = YES;
				CLANG_WARN_BLOCK_CAPTURE_AUTORELEASING = YES;
				CLANG_WARN_BOOL_CONVERSION = YES;
				CLANG_WARN_COMMA = YES;
				CLANG_WARN_CONSTANT_CONVERSION = YES;
				CLANG_WARN_DEPRECATED_OBJC_IMPLEMENTATIONS = YES;
				CLANG_WARN_DIRECT_OBJC_ISA_USAGE = YES_ERROR;
				CLANG_WARN_DOCUMENTATION_COMMENTS = YES;
				CLANG_WARN_EMPTY_BODY = YES;
				CLANG_WARN_ENUM_CONVERSION = YES;
				CLANG_WARN_INFINITE_RECURSION = YES;
				CLANG_WARN_INT_CONVERSION = YES;
				CLANG_WARN_NON_LITERAL_NULL_CONVERSION = YES;
				CLANG_WARN_OBJC_IMPLICIT_RETAIN_SELF = YES;
				CLANG_WARN_OBJC_LITERAL_CONVERSION = YES;
				CLANG_WARN_OBJC_ROOT_CLASS = YES_ERROR;
				CLANG_WARN_RANGE_LOOP_ANALYSIS = YES;
				CLANG_WARN_STRICT_PROTOTYPES = YES;
				CLANG_WARN_SUSPICIOUS_MOVE = YES;
				CLANG_WARN_UNGUARDED_AVAILABILITY = YES_AGGRESSIVE;
				CLANG_WARN_UNREACHABLE_CODE = YES;
				CLANG_WARN__DUPLICATE_METHOD_MATCH = YES;
				CODE_SIGN_IDENTITY = "iPhone Developer";
				COPY_PHASE_STRIP = NO;
				DEBUG_INFORMATION_FORMAT = "dwarf-with-dsym";
				ENABLE_NS_ASSERTIONS = NO;
				ENABLE_STRICT_OBJC_MSGSEND = YES;
				GCC_C_LANGUAGE_STANDARD = gnu11;
				GCC_NO_COMMON_BLOCKS = YES;
				GCC_WARN_64_TO_32_BIT_CONVERSION = YES;
				GCC_WARN_ABOUT_RETURN_TYPE = YES_ERROR;
				GCC_WARN_UNDECLARED_SELECTOR = YES;
				GCC_WARN_UNINITIALIZED_AUTOS = YES_AGGRESSIVE;
				GCC_WARN_UNUSED_FUNCTION = YES;
				GCC_WARN_UNUSED_VARIABLE = YES;
				IPHONEOS_DEPLOYMENT_TARGET = 11.4;
				MTL_ENABLE_DEBUG_INFO = NO;
				SDKROOT = iphoneos;
				SWIFT_COMPILATION_MODE = wholemodule;
				SWIFT_OPTIMIZATION_LEVEL = "-O";
				VALIDATE_PRODUCT = YES;
			};
			name = Release;
		};
		274FDDB821AB6CB900080436 /* Debug */ = {
			isa = XCBuildConfiguration;
			buildSettings = {
				ASSETCATALOG_COMPILER_APPICON_NAME = AppIcon;
				CODE_SIGN_STYLE = Automatic;
				DEVELOPMENT_TEAM = 4J4M3C49TW;
				INFOPLIST_FILE = "GnomeWhere Like Home/Info.plist";
				LD_RUNPATH_SEARCH_PATHS = (
					"$(inherited)",
					"@executable_path/Frameworks",
				);
				PRODUCT_BUNDLE_IDENTIFIER = "com.brookehuntington.GnomeWhere-Like-Home";
				PRODUCT_NAME = "$(TARGET_NAME)";
				SWIFT_VERSION = 4.0;
				TARGETED_DEVICE_FAMILY = "1,2";
			};
			name = Debug;
		};
		274FDDB921AB6CB900080436 /* Release */ = {
			isa = XCBuildConfiguration;
			buildSettings = {
				ASSETCATALOG_COMPILER_APPICON_NAME = AppIcon;
				CODE_SIGN_STYLE = Automatic;
				DEVELOPMENT_TEAM = 4J4M3C49TW;
				INFOPLIST_FILE = "GnomeWhere Like Home/Info.plist";
				LD_RUNPATH_SEARCH_PATHS = (
					"$(inherited)",
					"@executable_path/Frameworks",
				);
				PRODUCT_BUNDLE_IDENTIFIER = "com.brookehuntington.GnomeWhere-Like-Home";
				PRODUCT_NAME = "$(TARGET_NAME)";
				SWIFT_VERSION = 4.0;
				TARGETED_DEVICE_FAMILY = "1,2";
			};
			name = Release;
		};
/* End XCBuildConfiguration section */

/* Begin XCConfigurationList section */
		274FDD9A21AB6CB100080436 /* Build configuration list for PBXProject "GnomeWhere Like Home" */ = {
			isa = XCConfigurationList;
			buildConfigurations = (
				274FDDB521AB6CB900080436 /* Debug */,
				274FDDB621AB6CB900080436 /* Release */,
			);
			defaultConfigurationIsVisible = 0;
			defaultConfigurationName = Release;
		};
		274FDDB721AB6CB900080436 /* Build configuration list for PBXNativeTarget "GnomeWhere Like Home" */ = {
			isa = XCConfigurationList;
			buildConfigurations = (
				274FDDB821AB6CB900080436 /* Debug */,
				274FDDB921AB6CB900080436 /* Release */,
			);
			defaultConfigurationIsVisible = 0;
			defaultConfigurationName = Release;
		};
/* End XCConfigurationList section */
	};
	rootObject = 274FDD9721AB6CB100080436 /* Project object */;
}
